{
  "nodes": {
    "nixpkgs": {
      "locked": {
        "lastModified": 1753151930,
        "narHash": "sha256-XSQy6wRKHhRe//iVY5lS/ZpI/Jn6crWI8fQzl647wCg=",
        "owner": "NixOS",
        "repo": "nixpkgs",
        "rev": "83e677f31c84212343f4cc553bab85c2efcad60a",
        "type": "github"
      },
      "original": {
        "owner": "NixOS",
        "ref": "nixpkgs-unstable",
        "repo": "nixpkgs",
        "type": "github"
      }
    },
    "root": {
      "inputs": {
        "nixpkgs": "nixpkgs"
      }
    }
  },
  "root": "root",
  "version": 7
}
